
Microsoft Visual Studio Solution File, Format Version 12.00
# Visual Studio 15
VisualStudioVersion = 15.0.27130.2027
MinimumVisualStudioVersion = 10.0.40219.1
Project("{FAE04EC0-301F-11D3-BF4B-00C04F79EFBC}") = "BattleShips", "BattleShips\BattleShips.csproj", "{45F4312E-0A9F-4143-A39C-2ACDB3E5162D}"
EndProject
Project("{FAE04EC0-301F-11D3-BF4B-00C04F79EFBC}") = "BattleShipTests", "BattleShipTests\BattleShipTests.csproj", "{A27020F4-D6D5-4373-84C9-2D1B20DA4CB7}"
EndProject
Global
	GlobalSection(SolutionConfigurationPlatforms) = preSolution
		Debug|Any CPU = Debug|Any CPU
		Release|Any CPU = Release|Any CPU
	EndGlobalSection
	GlobalSection(ProjectConfigurationPlatforms) = postSolution
		{45F4312E-0A9F-4143-A39C-2ACDB3E5162D}.Debug|Any CPU.ActiveCfg = Debug|Any CPU
		{45F4312E-0A9F-4143-A39C-2ACDB3E5162D}.Debug|Any CPU.Build.0 = Debug|Any CPU
		{45F4312E-0A9F-4143-A39C-2ACDB3E5162D}.Release|Any CPU.ActiveCfg = Release|Any CPU
		{45F4312E-0A9F-4143-A39C-2ACDB3E5162D}.Release|Any CPU.Build.0 = Release|Any CPU
		{A27020F4-D6D5-4373-84C9-2D1B20DA4CB7}.Debug|Any CPU.ActiveCfg = Debug|Any CPU
		{A27020F4-D6D5-4373-84C9-2D1B20DA4CB7}.Debug|Any CPU.Build.0 = Debug|Any CPU
		{A27020F4-D6D5-4373-84C9-2D1B20DA4CB7}.Release|Any CPU.ActiveCfg = Release|Any CPU
		{A27020F4-D6D5-4373-84C9-2D1B20DA4CB7}.Release|Any CPU.Build.0 = Release|Any CPU
	EndGlobalSection
	GlobalSection(SolutionProperties) = preSolution
		HideSolutionNode = FALSE
	EndGlobalSection
	GlobalSection(ExtensibilityGlobals) = postSolution
		SolutionGuid = {01CF274C-D527-4E59-B85B-E226C64355EA}
	EndGlobalSection
EndGlobal
